Microsoft Visual Studio Solution File, Format Version 8.00
Project("{FAE04EC0-301F-11D3-BF4B-00C04F79EFBC}") = "WEB_SERVICE", "WEB_SERVICE.csproj", "{FB1EDBD2-96DF-46D3-8C01-D426F77CD87D}"
	ProjectSection(ProjectDependencies) = postProject
	EndProjectSection
EndProject
Project("{FAE04EC0-301F-11D3-BF4B-00C04F79EFBC}") = "WEB_CLIENT", "WEB_CLIENT\WEB_CLIENT.csproj", "{6D72120C-CBD0-4526-8450-99F1F8159F9C}"
	ProjectSection(ProjectDependencies) = postProject
	EndProjectSection
EndProject
Global
	GlobalSection(SolutionConfiguration) = preSolution
		Debug = Debug
		Release = Release
	EndGlobalSection
	GlobalSection(ProjectConfiguration) = postSolution
		{FB1EDBD2-96DF-46D3-8C01-D426F77CD87D}.Debug.ActiveCfg = Debug|.NET
		{FB1EDBD2-96DF-46D3-8C01-D426F77CD87D}.Debug.Build.0 = Debug|.NET
		{FB1EDBD2-96DF-46D3-8C01-D426F77CD87D}.Release.ActiveCfg = Release|.NET
		{FB1EDBD2-96DF-46D3-8C01-D426F77CD87D}.Release.Build.0 = Release|.NET
		{6D72120C-CBD0-4526-8450-99F1F8159F9C}.Debug.ActiveCfg = Debug|.NET
		{6D72120C-CBD0-4526-8450-99F1F8159F9C}.Debug.Build.0 = Debug|.NET
		{6D72120C-CBD0-4526-8450-99F1F8159F9C}.Release.ActiveCfg = Release|.NET
		{6D72120C-CBD0-4526-8450-99F1F8159F9C}.Release.Build.0 = Release|.NET
	EndGlobalSection
	GlobalSection(ExtensibilityGlobals) = postSolution
	EndGlobalSection
	GlobalSection(ExtensibilityAddIns) = postSolution
	EndGlobalSection
EndGlobal
