Microsoft Visual Studio Solution File, Format Version 8.00
Project("{FAE04EC0-301F-11D3-BF4B-00C04F79EFBC}") = "NetDB", "NetDB.csproj", "{EA214FCC-ECBD-441A-8BE4-EECBAB640601}"
	ProjectSection(ProjectDependencies) = postProject
	EndProjectSection
EndProject
Global
	GlobalSection(SolutionConfiguration) = preSolution
		Debug = Debug
		Release = Release
	EndGlobalSection
	GlobalSection(ProjectConfiguration) = postSolution
		{EA214FCC-ECBD-441A-8BE4-EECBAB640601}.Debug.ActiveCfg = Debug|.NET
		{EA214FCC-ECBD-441A-8BE4-EECBAB640601}.Debug.Build.0 = Debug|.NET
		{EA214FCC-ECBD-441A-8BE4-EECBAB640601}.Release.ActiveCfg = Release|.NET
		{EA214FCC-ECBD-441A-8BE4-EECBAB640601}.Release.Build.0 = Release|.NET
	EndGlobalSection
	GlobalSection(ExtensibilityGlobals) = postSolution
	EndGlobalSection
	GlobalSection(ExtensibilityAddIns) = postSolution
	EndGlobalSection
EndGlobal
