Microsoft Visual Studio Solution File, Format Version 8.00
Project("{FAE04EC0-301F-11D3-BF4B-00C04F79EFBC}") = "WebService2", "http://localhost/WebService2/WebService2.csproj", "{3EA3B4D5-2434-44EF-9EC6-1A6A4302B06F}"
	ProjectSection(ProjectDependencies) = postProject
	EndProjectSection
EndProject
Project("{FAE04EC0-301F-11D3-BF4B-00C04F79EFBC}") = "WebClient2", "WebClient2\WebClient2.csproj", "{D4F89BE8-0F3E-4885-89A8-CC35E3AD4D9C}"
	ProjectSection(ProjectDependencies) = postProject
	EndProjectSection
EndProject
Global
	GlobalSection(SolutionConfiguration) = preSolution
		Debug = Debug
		Release = Release
	EndGlobalSection
	GlobalSection(ProjectConfiguration) = postSolution
		{3EA3B4D5-2434-44EF-9EC6-1A6A4302B06F}.Debug.ActiveCfg = Debug|.NET
		{3EA3B4D5-2434-44EF-9EC6-1A6A4302B06F}.Debug.Build.0 = Debug|.NET
		{3EA3B4D5-2434-44EF-9EC6-1A6A4302B06F}.Release.ActiveCfg = Release|.NET
		{3EA3B4D5-2434-44EF-9EC6-1A6A4302B06F}.Release.Build.0 = Release|.NET
		{D4F89BE8-0F3E-4885-89A8-CC35E3AD4D9C}.Debug.ActiveCfg = Debug|.NET
		{D4F89BE8-0F3E-4885-89A8-CC35E3AD4D9C}.Debug.Build.0 = Debug|.NET
		{D4F89BE8-0F3E-4885-89A8-CC35E3AD4D9C}.Release.ActiveCfg = Release|.NET
		{D4F89BE8-0F3E-4885-89A8-CC35E3AD4D9C}.Release.Build.0 = Release|.NET
	EndGlobalSection
	GlobalSection(ExtensibilityGlobals) = postSolution
	EndGlobalSection
	GlobalSection(ExtensibilityAddIns) = postSolution
	EndGlobalSection
EndGlobal
